
Microsoft Visual Studio Solution File, Format Version 12.00
# Visual Studio Version 16
VisualStudioVersion = 16.0.31729.503
MinimumVisualStudioVersion = 10.0.40219.1
Project("{FAE04EC0-301F-11D3-BF4B-00C04F79EFBC}") = "Anagram", "Anagram\Anagram.csproj", "{97C7C221-B8C2-4F20-95FE-FCA19F2ECDEA}"
EndProject
Global
	GlobalSection(SolutionConfigurationPlatforms) = preSolution
		Debug|Any CPU = Debug|Any CPU
		Release|Any CPU = Release|Any CPU
	EndGlobalSection
	GlobalSection(ProjectConfigurationPlatforms) = postSolution
		{97C7C221-B8C2-4F20-95FE-FCA19F2ECDEA}.Debug|Any CPU.ActiveCfg = Debug|Any CPU
		{97C7C221-B8C2-4F20-95FE-FCA19F2ECDEA}.Debug|Any CPU.Build.0 = Debug|Any CPU
		{97C7C221-B8C2-4F20-95FE-FCA19F2ECDEA}.Release|Any CPU.ActiveCfg = Release|Any CPU
		{97C7C221-B8C2-4F20-95FE-FCA19F2ECDEA}.Release|Any CPU.Build.0 = Release|Any CPU
	EndGlobalSection
	GlobalSection(SolutionProperties) = preSolution
		HideSolutionNode = FALSE
	EndGlobalSection
	GlobalSection(ExtensibilityGlobals) = postSolution
		SolutionGuid = {DD4849B6-FF13-489E-BF75-C64136CE1F87}
	EndGlobalSection
EndGlobal
