
Microsoft Visual Studio Solution File, Format Version 12.00
# Visual Studio Version 16
VisualStudioVersion = 16.0.31729.503
MinimumVisualStudioVersion = 10.0.40219.1
Project("{FAE04EC0-301F-11D3-BF4B-00C04F79EFBC}") = "MergeSort_Alg5", "MergeSort_Alg5\MergeSort_Alg5.csproj", "{4E93470B-34F3-491B-A8E8-15150B3C0D23}"
EndProject
Global
	GlobalSection(SolutionConfigurationPlatforms) = preSolution
		Debug|Any CPU = Debug|Any CPU
		Release|Any CPU = Release|Any CPU
	EndGlobalSection
	GlobalSection(ProjectConfigurationPlatforms) = postSolution
		{4E93470B-34F3-491B-A8E8-15150B3C0D23}.Debug|Any CPU.ActiveCfg = Debug|Any CPU
		{4E93470B-34F3-491B-A8E8-15150B3C0D23}.Debug|Any CPU.Build.0 = Debug|Any CPU
		{4E93470B-34F3-491B-A8E8-15150B3C0D23}.Release|Any CPU.ActiveCfg = Release|Any CPU
		{4E93470B-34F3-491B-A8E8-15150B3C0D23}.Release|Any CPU.Build.0 = Release|Any CPU
	EndGlobalSection
	GlobalSection(SolutionProperties) = preSolution
		HideSolutionNode = FALSE
	EndGlobalSection
	GlobalSection(ExtensibilityGlobals) = postSolution
		SolutionGuid = {6D3A0039-597D-461A-A001-DD717B9267C2}
	EndGlobalSection
EndGlobal
